
Microsoft Visual Studio Solution File, Format Version 12.00
# Visual Studio Version 17
VisualStudioVersion = 17.4.33110.190
MinimumVisualStudioVersion = 10.0.40219.1
Project("{FAE04EC0-301F-11D3-BF4B-00C04F79EFBC}") = "CandidateDetails", "CandidateDetails\CandidateDetails.csproj", "{BAD8F25D-5CF5-4BD9-9503-45B9261AF91E}"
EndProject
Global
	GlobalSection(SolutionConfigurationPlatforms) = preSolution
		Debug|Any CPU = Debug|Any CPU
		Release|Any CPU = Release|Any CPU
	EndGlobalSection
	GlobalSection(ProjectConfigurationPlatforms) = postSolution
		{BAD8F25D-5CF5-4BD9-9503-45B9261AF91E}.Debug|Any CPU.ActiveCfg = Debug|Any CPU
		{BAD8F25D-5CF5-4BD9-9503-45B9261AF91E}.Debug|Any CPU.Build.0 = Debug|Any CPU
		{BAD8F25D-5CF5-4BD9-9503-45B9261AF91E}.Release|Any CPU.ActiveCfg = Release|Any CPU
		{BAD8F25D-5CF5-4BD9-9503-45B9261AF91E}.Release|Any CPU.Build.0 = Release|Any CPU
	EndGlobalSection
	GlobalSection(SolutionProperties) = preSolution
		HideSolutionNode = FALSE
	EndGlobalSection
	GlobalSection(ExtensibilityGlobals) = postSolution
		SolutionGuid = {7CF593D9-87E3-4926-A38E-F5394B5B19FE}
	EndGlobalSection
EndGlobal
